
Microsoft Visual Studio Solution File, Format Version 12.00
Project("{FAE04EC0-301F-11D3-BF4B-00C04F79EFBC}") = "ConsoleMenu", "ConsoleMenu\ConsoleMenu.csproj", "{E64A2157-D16E-4081-BD43-3DFEA2D5D4D2}"
EndProject
Project("{FAE04EC0-301F-11D3-BF4B-00C04F79EFBC}") = "ConsoleApp", "ConsoleApp\ConsoleApp.csproj", "{5569D13C-AFE6-48DB-9145-B3329CABDA7F}"
EndProject
Project("{FAE04EC0-301F-11D3-BF4B-00C04F79EFBC}") = "ConsoleGame", "ConsoleGame\ConsoleGame.csproj", "{3E4D46CA-89DD-4939-AA1A-F2BA7A5BEB03}"
EndProject
Project("{FAE04EC0-301F-11D3-BF4B-00C04F79EFBC}") = "Battleships", "Battleships\Battleships.csproj", "{6775F6ED-9EE6-4B86-8D7A-2862AF398CAF}"
EndProject
Global
	GlobalSection(SolutionConfigurationPlatforms) = preSolution
		Debug|Any CPU = Debug|Any CPU
		Release|Any CPU = Release|Any CPU
	EndGlobalSection
	GlobalSection(ProjectConfigurationPlatforms) = postSolution
		{E64A2157-D16E-4081-BD43-3DFEA2D5D4D2}.Release|Any CPU.ActiveCfg = Release|Any CPU
		{E64A2157-D16E-4081-BD43-3DFEA2D5D4D2}.Release|Any CPU.Build.0 = Release|Any CPU
		{E64A2157-D16E-4081-BD43-3DFEA2D5D4D2}.Debug|Any CPU.ActiveCfg = Debug|Any CPU
		{E64A2157-D16E-4081-BD43-3DFEA2D5D4D2}.Debug|Any CPU.Build.0 = Debug|Any CPU
		{5569D13C-AFE6-48DB-9145-B3329CABDA7F}.Debug|Any CPU.ActiveCfg = Debug|Any CPU
		{5569D13C-AFE6-48DB-9145-B3329CABDA7F}.Debug|Any CPU.Build.0 = Debug|Any CPU
		{5569D13C-AFE6-48DB-9145-B3329CABDA7F}.Release|Any CPU.ActiveCfg = Release|Any CPU
		{5569D13C-AFE6-48DB-9145-B3329CABDA7F}.Release|Any CPU.Build.0 = Release|Any CPU
		{3E4D46CA-89DD-4939-AA1A-F2BA7A5BEB03}.Debug|Any CPU.ActiveCfg = Debug|Any CPU
		{3E4D46CA-89DD-4939-AA1A-F2BA7A5BEB03}.Debug|Any CPU.Build.0 = Debug|Any CPU
		{3E4D46CA-89DD-4939-AA1A-F2BA7A5BEB03}.Release|Any CPU.ActiveCfg = Release|Any CPU
		{3E4D46CA-89DD-4939-AA1A-F2BA7A5BEB03}.Release|Any CPU.Build.0 = Release|Any CPU
		{6775F6ED-9EE6-4B86-8D7A-2862AF398CAF}.Debug|Any CPU.ActiveCfg = Debug|Any CPU
		{6775F6ED-9EE6-4B86-8D7A-2862AF398CAF}.Debug|Any CPU.Build.0 = Debug|Any CPU
		{6775F6ED-9EE6-4B86-8D7A-2862AF398CAF}.Release|Any CPU.ActiveCfg = Release|Any CPU
		{6775F6ED-9EE6-4B86-8D7A-2862AF398CAF}.Release|Any CPU.Build.0 = Release|Any CPU
	EndGlobalSection
EndGlobal
