
Microsoft Visual Studio Solution File, Format Version 12.00
Project("{FAE04EC0-301F-11D3-BF4B-00C04F79EFBC}") = "ConsoleMenu", "ConsoleMenu\ConsoleMenu.csproj", "{E64A2157-D16E-4081-BD43-3DFEA2D5D4D2}"
EndProject
Project("{FAE04EC0-301F-11D3-BF4B-00C04F79EFBC}") = "ConsoleApp", "ConsoleApp\ConsoleApp.csproj", "{5569D13C-AFE6-48DB-9145-B3329CABDA7F}"
EndProject
Project("{FAE04EC0-301F-11D3-BF4B-00C04F79EFBC}") = "ConsoleGame", "ConsoleGame\ConsoleGame.csproj", "{3E4D46CA-89DD-4939-AA1A-F2BA7A5BEB03}"
EndProject
Project("{FAE04EC0-301F-11D3-BF4B-00C04F79EFBC}") = "Battleships", "Battleships\Battleships.csproj", "{6775F6ED-9EE6-4B86-8D7A-2862AF398CAF}"
EndProject
Project("{FAE04EC0-301F-11D3-BF4B-00C04F79EFBC}") = "Renderer", "Renderer\Renderer.csproj", "{9FCE649A-36C0-4E1E-A525-E4931E708274}"
EndProject
Project("{FAE04EC0-301F-11D3-BF4B-00C04F79EFBC}") = "Util", "Util\Util.csproj", "{07DCA6DA-BB66-438C-ABCA-57494B6730E0}"
EndProject
Project("{FAE04EC0-301F-11D3-BF4B-00C04F79EFBC}") = "BattleshipsUi", "BattleshipsUi\BattleshipsUi.csproj", "{BE48DB0B-8FDA-42DE-847E-1B59F636AD23}"
EndProject
Project("{FAE04EC0-301F-11D3-BF4B-00C04F79EFBC}") = "BattleshipsBoard", "BattleshipsBoard\BattleshipsBoard.csproj", "{3ACDB6A8-9893-4B49-96DA-A0D09B2C00DC}"
EndProject
Project("{FAE04EC0-301F-11D3-BF4B-00C04F79EFBC}") = "Configuration", "Configuration\Configuration.csproj", "{4288568C-FBD5-4EC0-BFF9-5D80030537EF}"
EndProject
Project("{FAE04EC0-301F-11D3-BF4B-00C04F79EFBC}") = "Domain", "Domain\Domain.csproj", "{CAD1C825-093B-46D6-A067-63454C00F443}"
EndProject
Global
	GlobalSection(SolutionConfigurationPlatforms) = preSolution
		Debug|Any CPU = Debug|Any CPU
		Release|Any CPU = Release|Any CPU
	EndGlobalSection
	GlobalSection(ProjectConfigurationPlatforms) = postSolution
		{E64A2157-D16E-4081-BD43-3DFEA2D5D4D2}.Release|Any CPU.ActiveCfg = Release|Any CPU
		{E64A2157-D16E-4081-BD43-3DFEA2D5D4D2}.Release|Any CPU.Build.0 = Release|Any CPU
		{E64A2157-D16E-4081-BD43-3DFEA2D5D4D2}.Debug|Any CPU.ActiveCfg = Debug|Any CPU
		{E64A2157-D16E-4081-BD43-3DFEA2D5D4D2}.Debug|Any CPU.Build.0 = Debug|Any CPU
		{5569D13C-AFE6-48DB-9145-B3329CABDA7F}.Debug|Any CPU.ActiveCfg = Debug|Any CPU
		{5569D13C-AFE6-48DB-9145-B3329CABDA7F}.Debug|Any CPU.Build.0 = Debug|Any CPU
		{5569D13C-AFE6-48DB-9145-B3329CABDA7F}.Release|Any CPU.ActiveCfg = Release|Any CPU
		{5569D13C-AFE6-48DB-9145-B3329CABDA7F}.Release|Any CPU.Build.0 = Release|Any CPU
		{3E4D46CA-89DD-4939-AA1A-F2BA7A5BEB03}.Debug|Any CPU.ActiveCfg = Debug|Any CPU
		{3E4D46CA-89DD-4939-AA1A-F2BA7A5BEB03}.Debug|Any CPU.Build.0 = Debug|Any CPU
		{3E4D46CA-89DD-4939-AA1A-F2BA7A5BEB03}.Release|Any CPU.ActiveCfg = Release|Any CPU
		{3E4D46CA-89DD-4939-AA1A-F2BA7A5BEB03}.Release|Any CPU.Build.0 = Release|Any CPU
		{6775F6ED-9EE6-4B86-8D7A-2862AF398CAF}.Debug|Any CPU.ActiveCfg = Debug|Any CPU
		{6775F6ED-9EE6-4B86-8D7A-2862AF398CAF}.Debug|Any CPU.Build.0 = Debug|Any CPU
		{6775F6ED-9EE6-4B86-8D7A-2862AF398CAF}.Release|Any CPU.ActiveCfg = Release|Any CPU
		{6775F6ED-9EE6-4B86-8D7A-2862AF398CAF}.Release|Any CPU.Build.0 = Release|Any CPU
		{9FCE649A-36C0-4E1E-A525-E4931E708274}.Debug|Any CPU.ActiveCfg = Debug|Any CPU
		{9FCE649A-36C0-4E1E-A525-E4931E708274}.Debug|Any CPU.Build.0 = Debug|Any CPU
		{9FCE649A-36C0-4E1E-A525-E4931E708274}.Release|Any CPU.ActiveCfg = Release|Any CPU
		{9FCE649A-36C0-4E1E-A525-E4931E708274}.Release|Any CPU.Build.0 = Release|Any CPU
		{07DCA6DA-BB66-438C-ABCA-57494B6730E0}.Debug|Any CPU.ActiveCfg = Debug|Any CPU
		{07DCA6DA-BB66-438C-ABCA-57494B6730E0}.Debug|Any CPU.Build.0 = Debug|Any CPU
		{07DCA6DA-BB66-438C-ABCA-57494B6730E0}.Release|Any CPU.ActiveCfg = Release|Any CPU
		{07DCA6DA-BB66-438C-ABCA-57494B6730E0}.Release|Any CPU.Build.0 = Release|Any CPU
		{BE48DB0B-8FDA-42DE-847E-1B59F636AD23}.Debug|Any CPU.ActiveCfg = Debug|Any CPU
		{BE48DB0B-8FDA-42DE-847E-1B59F636AD23}.Debug|Any CPU.Build.0 = Debug|Any CPU
		{BE48DB0B-8FDA-42DE-847E-1B59F636AD23}.Release|Any CPU.ActiveCfg = Release|Any CPU
		{BE48DB0B-8FDA-42DE-847E-1B59F636AD23}.Release|Any CPU.Build.0 = Release|Any CPU
		{3ACDB6A8-9893-4B49-96DA-A0D09B2C00DC}.Debug|Any CPU.ActiveCfg = Debug|Any CPU
		{3ACDB6A8-9893-4B49-96DA-A0D09B2C00DC}.Debug|Any CPU.Build.0 = Debug|Any CPU
		{3ACDB6A8-9893-4B49-96DA-A0D09B2C00DC}.Release|Any CPU.ActiveCfg = Release|Any CPU
		{3ACDB6A8-9893-4B49-96DA-A0D09B2C00DC}.Release|Any CPU.Build.0 = Release|Any CPU
		{4288568C-FBD5-4EC0-BFF9-5D80030537EF}.Debug|Any CPU.ActiveCfg = Debug|Any CPU
		{4288568C-FBD5-4EC0-BFF9-5D80030537EF}.Debug|Any CPU.Build.0 = Debug|Any CPU
		{4288568C-FBD5-4EC0-BFF9-5D80030537EF}.Release|Any CPU.ActiveCfg = Release|Any CPU
		{4288568C-FBD5-4EC0-BFF9-5D80030537EF}.Release|Any CPU.Build.0 = Release|Any CPU
		{CAD1C825-093B-46D6-A067-63454C00F443}.Debug|Any CPU.ActiveCfg = Debug|Any CPU
		{CAD1C825-093B-46D6-A067-63454C00F443}.Debug|Any CPU.Build.0 = Debug|Any CPU
		{CAD1C825-093B-46D6-A067-63454C00F443}.Release|Any CPU.ActiveCfg = Release|Any CPU
		{CAD1C825-093B-46D6-A067-63454C00F443}.Release|Any CPU.Build.0 = Release|Any CPU
	EndGlobalSection
EndGlobal
